
Microsoft Visual Studio Solution File, Format Version 12.00
# Visual Studio Version 17
VisualStudioVersion = 17.12.35707.178 d17.12
MinimumVisualStudioVersion = 10.0.40219.1
Project("{FAE04EC0-301F-11D3-BF4B-00C04F79EFBC}") = "BlazorApp1PWA", "BlazorApp1PWA\BlazorApp1PWA.csproj", "{4DE24768-ED87-40C3-8194-9DC72D945610}"
EndProject
Project("{FAE04EC0-301F-11D3-BF4B-00C04F79EFBC}") = "BusinessLogic", "BusinessLogic\BusinessLogic.csproj", "{59BE8F8B-11EE-40F9-89C0-C46A19E2D94D}"
EndProject
Global
	GlobalSection(SolutionConfigurationPlatforms) = preSolution
		Debug|Any CPU = Debug|Any CPU
		Release|Any CPU = Release|Any CPU
	EndGlobalSection
	GlobalSection(ProjectConfigurationPlatforms) = postSolution
		{4DE24768-ED87-40C3-8194-9DC72D945610}.Debug|Any CPU.ActiveCfg = Debug|Any CPU
		{4DE24768-ED87-40C3-8194-9DC72D945610}.Debug|Any CPU.Build.0 = Debug|Any CPU
		{4DE24768-ED87-40C3-8194-9DC72D945610}.Release|Any CPU.ActiveCfg = Release|Any CPU
		{4DE24768-ED87-40C3-8194-9DC72D945610}.Release|Any CPU.Build.0 = Release|Any CPU
		{59BE8F8B-11EE-40F9-89C0-C46A19E2D94D}.Debug|Any CPU.ActiveCfg = Debug|Any CPU
		{59BE8F8B-11EE-40F9-89C0-C46A19E2D94D}.Debug|Any CPU.Build.0 = Debug|Any CPU
		{59BE8F8B-11EE-40F9-89C0-C46A19E2D94D}.Release|Any CPU.ActiveCfg = Release|Any CPU
		{59BE8F8B-11EE-40F9-89C0-C46A19E2D94D}.Release|Any CPU.Build.0 = Release|Any CPU
	EndGlobalSection
	GlobalSection(SolutionProperties) = preSolution
		HideSolutionNode = FALSE
	EndGlobalSection
EndGlobal
